// !$*UTF8*$!
{
	archiveVersion = 1;
	classes = {
	};
	objectVersion = 48;
	objects = {

/* Begin PBXBuildFile section */
		1B3B82481E775077FDE1CC30 /* libPods-AJVisionTests.a in Frameworks */ = {isa = PBXBuildFile; fileRef = 7B48D80DA4937FED717CDD25 /* libPods-AJVisionTests.a */; };
		2F42F93606498B032A4DB041 /* libPods-AJVision.a in Frameworks */ = {isa = PBXBuildFile; fileRef = 1E31AD0691CB8DFE03F81CC9 /* libPods-AJVision.a */; };
		781288F72033EF4400F69130 /* MMHomeViewController.xib in Resources */ = {isa = PBXBuildFile; fileRef = 781288F42033EF4400F69130 /* MMHomeViewController.xib */; };
		781288F82033EF4400F69130 /* MMHomeViewController.m in Sources */ = {isa = PBXBuildFile; fileRef = 781288F52033EF4400F69130 /* MMHomeViewController.m */; };
		781289132033EF6600F69130 /* FCBodyDetectViewController.m in Sources */ = {isa = PBXBuildFile; fileRef = 781288FB2033EF6600F69130 /* FCBodyDetectViewController.m */; };
		781289142033EF6600F69130 /* FCOCRIDCardViewController.m in Sources */ = {isa = PBXBuildFile; fileRef = 781288FD2033EF6600F69130 /* FCOCRIDCardViewController.m */; };
		781289152033EF6600F69130 /* FCSearchViewController.xib in Resources */ = {isa = PBXBuildFile; fileRef = 781288FE2033EF6600F69130 /* FCSearchViewController.xib */; };
		781289162033EF6600F69130 /* FCCompareViewController.xib in Resources */ = {isa = PBXBuildFile; fileRef = 781288FF2033EF6600F69130 /* FCCompareViewController.xib */; };
		781289172033EF6600F69130 /* FCOCRDriverLicenceViewController.m in Sources */ = {isa = PBXBuildFile; fileRef = 781289012033EF6600F69130 /* FCOCRDriverLicenceViewController.m */; };
		781289182033EF6600F69130 /* FCBaseViewController.m in Sources */ = {isa = PBXBuildFile; fileRef = 781289022033EF6600F69130 /* FCBaseViewController.m */; };
		781289192033EF6600F69130 /* FCBodySegmentViewController.m in Sources */ = {isa = PBXBuildFile; fileRef = 781289062033EF6600F69130 /* FCBodySegmentViewController.m */; };
		7812891A2033EF6600F69130 /* FCSearchViewController.m in Sources */ = {isa = PBXBuildFile; fileRef = 781289072033EF6600F69130 /* FCSearchViewController.m */; };
		7812891B2033EF6600F69130 /* NSMutableAttributedString+FCExtension.m in Sources */ = {isa = PBXBuildFile; fileRef = 781289092033EF6600F69130 /* NSMutableAttributedString+FCExtension.m */; };
		7812891C2033EF6600F69130 /* FCmergefaceViewController.m in Sources */ = {isa = PBXBuildFile; fileRef = 7812890D2033EF6600F69130 /* FCmergefaceViewController.m */; };
		7812891D2033EF6600F69130 /* FCCompareViewController.m in Sources */ = {isa = PBXBuildFile; fileRef = 7812890E2033EF6600F69130 /* FCCompareViewController.m */; };
		7812891E2033EF6600F69130 /* FCDetectViewController.m in Sources */ = {isa = PBXBuildFile; fileRef = 7812890F2033EF6600F69130 /* FCDetectViewController.m */; };
		7812891F2033EF6600F69130 /* FCOCRVehicleLicenseViewController.m in Sources */ = {isa = PBXBuildFile; fileRef = 781289122033EF6600F69130 /* FCOCRVehicleLicenseViewController.m */; };
		781289332033F07700F69130 /* FCPPMergeface.m in Sources */ = {isa = PBXBuildFile; fileRef = 781289232033F07700F69130 /* FCPPMergeface.m */; };
		781289342033F07700F69130 /* FCPPFaceDetect.m in Sources */ = {isa = PBXBuildFile; fileRef = 781289242033F07700F69130 /* FCPPFaceDetect.m */; };
		781289352033F07700F69130 /* FCPPFace.m in Sources */ = {isa = PBXBuildFile; fileRef = 781289272033F07700F69130 /* FCPPFace.m */; };
		781289362033F07700F69130 /* FCPPOCR.m in Sources */ = {isa = PBXBuildFile; fileRef = 781289282033F07700F69130 /* FCPPOCR.m */; };
		781289372033F07700F69130 /* UIImage+FCExtension.m in Sources */ = {isa = PBXBuildFile; fileRef = 7812892A2033F07700F69130 /* UIImage+FCExtension.m */; };
		781289382033F07700F69130 /* FCPPApi.m in Sources */ = {isa = PBXBuildFile; fileRef = 7812892C2033F07700F69130 /* FCPPApi.m */; };
		781289392033F07700F69130 /* FCPPFaceSet.m in Sources */ = {isa = PBXBuildFile; fileRef = 7812892D2033F07700F69130 /* FCPPFaceSet.m */; };
		7812893A2033F07700F69130 /* FCPPBody.m in Sources */ = {isa = PBXBuildFile; fileRef = 781289312033F07700F69130 /* FCPPBody.m */; };
		78B47D952029BCDF008EC2DF /* AppDelegate.m in Sources */ = {isa = PBXBuildFile; fileRef = 78B47D942029BCDF008EC2DF /* AppDelegate.m */; };
		78B47D982029BCDF008EC2DF /* ViewController.m in Sources */ = {isa = PBXBuildFile; fileRef = 78B47D972029BCDF008EC2DF /* ViewController.m */; };
		78B47D9B2029BCDF008EC2DF /* Main.storyboard in Resources */ = {isa = PBXBuildFile; fileRef = 78B47D992029BCDF008EC2DF /* Main.storyboard */; };
		78B47D9D2029BCDF008EC2DF /* Assets.xcassets in Resources */ = {isa = PBXBuildFile; fileRef = 78B47D9C2029BCDF008EC2DF /* Assets.xcassets */; };
		78B47DA02029BCDF008EC2DF /* LaunchScreen.storyboard in Resources */ = {isa = PBXBuildFile; fileRef = 78B47D9E2029BCDF008EC2DF /* LaunchScreen.storyboard */; };
		78B47DA32029BCDF008EC2DF /* main.m in Sources */ = {isa = PBXBuildFile; fileRef = 78B47DA22029BCDF008EC2DF /* main.m */; };
		78B47DAD2029BCDF008EC2DF /* AJVisionTests.m in Sources */ = {isa = PBXBuildFile; fileRef = 78B47DAC2029BCDF008EC2DF /* AJVisionTests.m */; };
		78B47DB82029BCDF008EC2DF /* AJVisionUITests.m in Sources */ = {isa = PBXBuildFile; fileRef = 78B47DB72029BCDF008EC2DF /* AJVisionUITests.m */; };
		78B47DC9202A9853008EC2DF /* ImageRecongnitionViewController.m in Sources */ = {isa = PBXBuildFile; fileRef = 78B47DC7202A9853008EC2DF /* ImageRecongnitionViewController.m */; };
		78B47DCA202A9853008EC2DF /* ImageRecongnitionViewController.xib in Resources */ = {isa = PBXBuildFile; fileRef = 78B47DC8202A9853008EC2DF /* ImageRecongnitionViewController.xib */; };
		78B47DD5202AE25F008EC2DF /* NetworkUnit.m in Sources */ = {isa = PBXBuildFile; fileRef = 78B47DCE202AE25F008EC2DF /* NetworkUnit.m */; };
		78B47DD6202AE25F008EC2DF /* Reachability.m in Sources */ = {isa = PBXBuildFile; fileRef = 78B47DD0202AE25F008EC2DF /* Reachability.m */; };
		78B47DD7202AE25F008EC2DF /* EGOCache.m in Sources */ = {isa = PBXBuildFile; fileRef = 78B47DD1202AE25F008EC2DF /* EGOCache.m */; };
		78B47DD8202AE25F008EC2DF /* RequestTool.m in Sources */ = {isa = PBXBuildFile; fileRef = 78B47DD4202AE25F008EC2DF /* RequestTool.m */; };
		78ECACB3202AF88300389B98 /* IRLabelModel.m in Sources */ = {isa = PBXBuildFile; fileRef = 78ECACB2202AF88300389B98 /* IRLabelModel.m */; };
		78F57048202C04A500FA363D /* FaceAnalysisViewController.m in Sources */ = {isa = PBXBuildFile; fileRef = 78F57046202C04A500FA363D /* FaceAnalysisViewController.m */; };
		78F57049202C04A500FA363D /* FaceAnalysisViewController.xib in Resources */ = {isa = PBXBuildFile; fileRef = 78F57047202C04A500FA363D /* FaceAnalysisViewController.xib */; };
		78F5704D202C063000FA363D /* icon_dancer.png in Resources */ = {isa = PBXBuildFile; fileRef = 78F5704C202C063000FA363D /* icon_dancer.png */; };
		78F5704F202C065D00FA363D /* icon_painting.png in Resources */ = {isa = PBXBuildFile; fileRef = 78F5704E202C065D00FA363D /* icon_painting.png */; };
		78F57052202C365C00FA363D /* GFHTTPSessionManager.m in Sources */ = {isa = PBXBuildFile; fileRef = 78F57051202C365C00FA363D /* GFHTTPSessionManager.m */; };
		959EA8D9C4CD4064DCC4B130 /* libPods-AJVisionUITests.a in Frameworks */ = {isa = PBXBuildFile; fileRef = 350636924DB72281D76F8A02 /* libPods-AJVisionUITests.a */; };
/* End PBXBuildFile section */

/* Begin PBXContainerItemProxy section */
		78B47DA92029BCDF008EC2DF /* PBXContainerItemProxy */ = {
			isa = PBXContainerItemProxy;
			containerPortal = 78B47D882029BCDF008EC2DF /* Project object */;
			proxyType = 1;
			remoteGlobalIDString = 78B47D8F2029BCDF008EC2DF;
			remoteInfo = AJVision;
		};
		78B47DB42029BCDF008EC2DF /* PBXContainerItemProxy */ = {
			isa = PBXContainerItemProxy;
			containerPortal = 78B47D882029BCDF008EC2DF /* Project object */;
			proxyType = 1;
			remoteGlobalIDString = 78B47D8F2029BCDF008EC2DF;
			remoteInfo = AJVision;
		};
/* End PBXContainerItemProxy section */

/* Begin PBXFileReference section */
		0A713254639A725F907B35E4 /* Pods-AJVision.release.xcconfig */ = {isa = PBXFileReference; includeInIndex = 1; lastKnownFileType = text.xcconfig; name = "Pods-AJVision.release.xcconfig"; path = "Pods/Target Support Files/Pods-AJVision/Pods-AJVision.release.xcconfig"; sourceTree = "<group>"; };
		1E31AD0691CB8DFE03F81CC9 /* libPods-AJVision.a */ = {isa = PBXFileReference; explicitFileType = archive.ar; includeInIndex = 0; path = "libPods-AJVision.a"; sourceTree = BUILT_PRODUCTS_DIR; };
		350636924DB72281D76F8A02 /* libPods-AJVisionUITests.a */ = {isa = PBXFileReference; explicitFileType = archive.ar; includeInIndex = 0; path = "libPods-AJVisionUITests.a"; sourceTree = BUILT_PRODUCTS_DIR; };
		77728D37DC35BC4BB1C2B852 /* Pods-AJVision.debug.xcconfig */ = {isa = PBXFileReference; includeInIndex = 1; lastKnownFileType = text.xcconfig; name = "Pods-AJVision.debug.xcconfig"; path = "Pods/Target Support Files/Pods-AJVision/Pods-AJVision.debug.xcconfig"; sourceTree = "<group>"; };
		781288F42033EF4400F69130 /* MMHomeViewController.xib */ = {isa = PBXFileReference; fileEncoding = 4; lastKnownFileType = file.xib; path = MMHomeViewController.xib; sourceTree = "<group>"; };
		781288F52033EF4400F69130 /* MMHomeViewController.m */ = {isa = PBXFileReference; fileEncoding = 4; lastKnownFileType = sourcecode.c.objc; path = MMHomeViewController.m; sourceTree = "<group>"; };
		781288F62033EF4400F69130 /* MMHomeViewController.h */ = {isa = PBXFileReference; fileEncoding = 4; lastKnownFileType = sourcecode.c.h; path = MMHomeViewController.h; sourceTree = "<group>"; };
		781288FB2033EF6600F69130 /* FCBodyDetectViewController.m */ = {isa = PBXFileReference; fileEncoding = 4; lastKnownFileType = sourcecode.c.objc; path = FCBodyDetectViewController.m; sourceTree = "<group>"; };
		781288FC2033EF6600F69130 /* NSMutableAttributedString+FCExtension.h */ = {isa = PBXFileReference; fileEncoding = 4; lastKnownFileType = sourcecode.c.h; path = "NSMutableAttributedString+FCExtension.h"; sourceTree = "<group>"; };
		781288FD2033EF6600F69130 /* FCOCRIDCardViewController.m */ = {isa = PBXFileReference; fileEncoding = 4; lastKnownFileType = sourcecode.c.objc; path = FCOCRIDCardViewController.m; sourceTree = "<group>"; };
		781288FE2033EF6600F69130 /* FCSearchViewController.xib */ = {isa = PBXFileReference; fileEncoding = 4; lastKnownFileType = file.xib; path = FCSearchViewController.xib; sourceTree = "<group>"; };
		781288FF2033EF6600F69130 /* FCCompareViewController.xib */ = {isa = PBXFileReference; fileEncoding = 4; lastKnownFileType = file.xib; path = FCCompareViewController.xib; sourceTree = "<group>"; };
		781289002033EF6600F69130 /* FCmergefaceViewController.h */ = {isa = PBXFileReference; fileEncoding = 4; lastKnownFileType = sourcecode.c.h; path = FCmergefaceViewController.h; sourceTree = "<group>"; };
		781289012033EF6600F69130 /* FCOCRDriverLicenceViewController.m */ = {isa = PBXFileReference; fileEncoding = 4; lastKnownFileType = sourcecode.c.objc; path = FCOCRDriverLicenceViewController.m; sourceTree = "<group>"; };
		781289022033EF6600F69130 /* FCBaseViewController.m */ = {isa = PBXFileReference; fileEncoding = 4; lastKnownFileType = sourcecode.c.objc; path = FCBaseViewController.m; sourceTree = "<group>"; };
		781289032033EF6600F69130 /* FCDetectViewController.h */ = {isa = PBXFileReference; fileEncoding = 4; lastKnownFileType = sourcecode.c.h; path = FCDetectViewController.h; sourceTree = "<group>"; };
		781289042033EF6600F69130 /* FCCompareViewController.h */ = {isa = PBXFileReference; fileEncoding = 4; lastKnownFileType = sourcecode.c.h; path = FCCompareViewController.h; sourceTree = "<group>"; };
		781289052033EF6600F69130 /* FCOCRVehicleLicenseViewController.h */ = {isa = PBXFileReference; fileEncoding = 4; lastKnownFileType = sourcecode.c.h; path = FCOCRVehicleLicenseViewController.h; sourceTree = "<group>"; };
		781289062033EF6600F69130 /* FCBodySegmentViewController.m */ = {isa = PBXFileReference; fileEncoding = 4; lastKnownFileType = sourcecode.c.objc; path = FCBodySegmentViewController.m; sourceTree = "<group>"; };
		781289072033EF6600F69130 /* FCSearchViewController.m */ = {isa = PBXFileReference; fileEncoding = 4; lastKnownFileType = sourcecode.c.objc; path = FCSearchViewController.m; sourceTree = "<group>"; };
		781289082033EF6600F69130 /* FCOCRIDCardViewController.h */ = {isa = PBXFileReference; fileEncoding = 4; lastKnownFileType = sourcecode.c.h; path = FCOCRIDCardViewController.h; sourceTree = "<group>"; };
		781289092033EF6600F69130 /* NSMutableAttributedString+FCExtension.m */ = {isa = PBXFileReference; fileEncoding = 4; lastKnownFileType = sourcecode.c.objc; path = "NSMutableAttributedString+FCExtension.m"; sourceTree = "<group>"; };
		7812890A2033EF6600F69130 /* FCBodyDetectViewController.h */ = {isa = PBXFileReference; fileEncoding = 4; lastKnownFileType = sourcecode.c.h; path = FCBodyDetectViewController.h; sourceTree = "<group>"; };
		7812890B2033EF6600F69130 /* FCBaseViewController.h */ = {isa = PBXFileReference; fileEncoding = 4; lastKnownFileType = sourcecode.c.h; path = FCBaseViewController.h; sourceTree = "<group>"; };
		7812890C2033EF6600F69130 /* FCOCRDriverLicenceViewController.h */ = {isa = PBXFileReference; fileEncoding = 4; lastKnownFileType = sourcecode.c.h; path = FCOCRDriverLicenceViewController.h; sourceTree = "<group>"; };
		7812890D2033EF6600F69130 /* FCmergefaceViewController.m */ = {isa = PBXFileReference; fileEncoding = 4; lastKnownFileType = sourcecode.c.objc; path = FCmergefaceViewController.m; sourceTree = "<group>"; };
		7812890E2033EF6600F69130 /* FCCompareViewController.m */ = {isa = PBXFileReference; fileEncoding = 4; lastKnownFileType = sourcecode.c.objc; path = FCCompareViewController.m; sourceTree = "<group>"; };
		7812890F2033EF6600F69130 /* FCDetectViewController.m */ = {isa = PBXFileReference; fileEncoding = 4; lastKnownFileType = sourcecode.c.objc; path = FCDetectViewController.m; sourceTree = "<group>"; };
		781289102033EF6600F69130 /* FCSearchViewController.h */ = {isa = PBXFileReference; fileEncoding = 4; lastKnownFileType = sourcecode.c.h; path = FCSearchViewController.h; sourceTree = "<group>"; };
		781289112033EF6600F69130 /* FCBodySegmentViewController.h */ = {isa = PBXFileReference; fileEncoding = 4; lastKnownFileType = sourcecode.c.h; path = FCBodySegmentViewController.h; sourceTree = "<group>"; };
		781289122033EF6600F69130 /* FCOCRVehicleLicenseViewController.m */ = {isa = PBXFileReference; fileEncoding = 4; lastKnownFileType = sourcecode.c.objc; path = FCOCRVehicleLicenseViewController.m; sourceTree = "<group>"; };
		781289212033F07700F69130 /* FCPPConfig.h */ = {isa = PBXFileReference; fileEncoding = 4; lastKnownFileType = sourcecode.c.h; path = FCPPConfig.h; sourceTree = "<group>"; };
		781289222033F07700F69130 /* FCPPApi.h */ = {isa = PBXFileReference; fileEncoding = 4; lastKnownFileType = sourcecode.c.h; path = FCPPApi.h; sourceTree = "<group>"; };
		781289232033F07700F69130 /* FCPPMergeface.m */ = {isa = PBXFileReference; fileEncoding = 4; lastKnownFileType = sourcecode.c.objc; path = FCPPMergeface.m; sourceTree = "<group>"; };
		781289242033F07700F69130 /* FCPPFaceDetect.m */ = {isa = PBXFileReference; fileEncoding = 4; lastKnownFileType = sourcecode.c.objc; path = FCPPFaceDetect.m; sourceTree = "<group>"; };
		781289252033F07700F69130 /* FCPPSDK.h */ = {isa = PBXFileReference; fileEncoding = 4; lastKnownFileType = sourcecode.c.h; path = FCPPSDK.h; sourceTree = "<group>"; };
		781289262033F07700F69130 /* FCPPFaceSet.h */ = {isa = PBXFileReference; fileEncoding = 4; lastKnownFileType = sourcecode.c.h; path = FCPPFaceSet.h; sourceTree = "<group>"; };
		781289272033F07700F69130 /* FCPPFace.m */ = {isa = PBXFileReference; fileEncoding = 4; lastKnownFileType = sourcecode.c.objc; path = FCPPFace.m; sourceTree = "<group>"; };
		781289282033F07700F69130 /* FCPPOCR.m */ = {isa = PBXFileReference; fileEncoding = 4; lastKnownFileType = sourcecode.c.objc; path = FCPPOCR.m; sourceTree = "<group>"; };
		781289292033F07700F69130 /* FCPPBody.h */ = {isa = PBXFileReference; fileEncoding = 4; lastKnownFileType = sourcecode.c.h; path = FCPPBody.h; sourceTree = "<group>"; };
		7812892A2033F07700F69130 /* UIImage+FCExtension.m */ = {isa = PBXFileReference; fileEncoding = 4; lastKnownFileType = sourcecode.c.objc; path = "UIImage+FCExtension.m"; sourceTree = "<group>"; };
		7812892B2033F07700F69130 /* FCPPMergeface.h */ = {isa = PBXFileReference; fileEncoding = 4; lastKnownFileType = sourcecode.c.h; path = FCPPMergeface.h; sourceTree = "<group>"; };
		7812892C2033F07700F69130 /* FCPPApi.m */ = {isa = PBXFileReference; fileEncoding = 4; lastKnownFileType = sourcecode.c.objc; path = FCPPApi.m; sourceTree = "<group>"; };
		7812892D2033F07700F69130 /* FCPPFaceSet.m */ = {isa = PBXFileReference; fileEncoding = 4; lastKnownFileType = sourcecode.c.objc; path = FCPPFaceSet.m; sourceTree = "<group>"; };
		7812892E2033F07700F69130 /* FCPPFaceDetect.h */ = {isa = PBXFileReference; fileEncoding = 4; lastKnownFileType = sourcecode.c.h; path = FCPPFaceDetect.h; sourceTree = "<group>"; };
		7812892F2033F07700F69130 /* FCPPFace.h */ = {isa = PBXFileReference; fileEncoding = 4; lastKnownFileType = sourcecode.c.h; path = FCPPFace.h; sourceTree = "<group>"; };
		781289302033F07700F69130 /* UIImage+FCExtension.h */ = {isa = PBXFileReference; fileEncoding = 4; lastKnownFileType = sourcecode.c.h; path = "UIImage+FCExtension.h"; sourceTree = "<group>"; };
		781289312033F07700F69130 /* FCPPBody.m */ = {isa = PBXFileReference; fileEncoding = 4; lastKnownFileType = sourcecode.c.objc; path = FCPPBody.m; sourceTree = "<group>"; };
		781289322033F07700F69130 /* FCPPOCR.h */ = {isa = PBXFileReference; fileEncoding = 4; lastKnownFileType = sourcecode.c.h; path = FCPPOCR.h; sourceTree = "<group>"; };
		78B47D902029BCDF008EC2DF /* AJVision.app */ = {isa = PBXFileReference; explicitFileType = wrapper.application; includeInIndex = 0; path = AJVision.app; sourceTree = BUILT_PRODUCTS_DIR; };
		78B47D932029BCDF008EC2DF /* AppDelegate.h */ = {isa = PBXFileReference; lastKnownFileType = sourcecode.c.h; path = AppDelegate.h; sourceTree = "<group>"; };
		78B47D942029BCDF008EC2DF /* AppDelegate.m */ = {isa = PBXFileReference; lastKnownFileType = sourcecode.c.objc; path = AppDelegate.m; sourceTree = "<group>"; };
		78B47D962029BCDF008EC2DF /* ViewController.h */ = {isa = PBXFileReference; lastKnownFileType = sourcecode.c.h; path = ViewController.h; sourceTree = "<group>"; };
		78B47D972029BCDF008EC2DF /* ViewController.m */ = {isa = PBXFileReference; lastKnownFileType = sourcecode.c.objc; path = ViewController.m; sourceTree = "<group>"; };
		78B47D9A2029BCDF008EC2DF /* Base */ = {isa = PBXFileReference; lastKnownFileType = file.storyboard; name = Base; path = Base.lproj/Main.storyboard; sourceTree = "<group>"; };
		78B47D9C2029BCDF008EC2DF /* Assets.xcassets */ = {isa = PBXFileReference; lastKnownFileType = folder.assetcatalog; path = Assets.xcassets; sourceTree = "<group>"; };
		78B47D9F2029BCDF008EC2DF /* Base */ = {isa = PBXFileReference; lastKnownFileType = file.storyboard; name = Base; path = Base.lproj/LaunchScreen.storyboard; sourceTree = "<group>"; };
		78B47DA12029BCDF008EC2DF /* Info.plist */ = {isa = PBXFileReference; lastKnownFileType = text.plist.xml; path = Info.plist; sourceTree = "<group>"; };
		78B47DA22029BCDF008EC2DF /* main.m */ = {isa = PBXFileReference; lastKnownFileType = sourcecode.c.objc; path = main.m; sourceTree = "<group>"; };
		78B47DA82029BCDF008EC2DF /* AJVisionTests.xctest */ = {isa = PBXFileReference; explicitFileType = wrapper.cfbundle; includeInIndex = 0; path = AJVisionTests.xctest; sourceTree = BUILT_PRODUCTS_DIR; };
		78B47DAC2029BCDF008EC2DF /* AJVisionTests.m */ = {isa = PBXFileReference; lastKnownFileType = sourcecode.c.objc; path = AJVisionTests.m; sourceTree = "<group>"; };
		78B47DAE2029BCDF008EC2DF /* Info.plist */ = {isa = PBXFileReference; lastKnownFileType = text.plist.xml; path = Info.plist; sourceTree = "<group>"; };
		78B47DB32029BCDF008EC2DF /* AJVisionUITests.xctest */ = {isa = PBXFileReference; explicitFileType = wrapper.cfbundle; includeInIndex = 0; path = AJVisionUITests.xctest; sourceTree = BUILT_PRODUCTS_DIR; };
		78B47DB72029BCDF008EC2DF /* AJVisionUITests.m */ = {isa = PBXFileReference; lastKnownFileType = sourcecode.c.objc; path = AJVisionUITests.m; sourceTree = "<group>"; };
		78B47DB92029BCDF008EC2DF /* Info.plist */ = {isa = PBXFileReference; lastKnownFileType = text.plist.xml; path = Info.plist; sourceTree = "<group>"; };
		78B47DC6202A9853008EC2DF /* ImageRecongnitionViewController.h */ = {isa = PBXFileReference; lastKnownFileType = sourcecode.c.h; path = ImageRecongnitionViewController.h; sourceTree = "<group>"; };
		78B47DC7202A9853008EC2DF /* ImageRecongnitionViewController.m */ = {isa = PBXFileReference; lastKnownFileType = sourcecode.c.objc; path = ImageRecongnitionViewController.m; sourceTree = "<group>"; };
		78B47DC8202A9853008EC2DF /* ImageRecongnitionViewController.xib */ = {isa = PBXFileReference; lastKnownFileType = file.xib; path = ImageRecongnitionViewController.xib; sourceTree = "<group>"; };
		78B47DCD202AE25E008EC2DF /* EGOCache.h */ = {isa = PBXFileReference; fileEncoding = 4; lastKnownFileType = sourcecode.c.h; path = EGOCache.h; sourceTree = "<group>"; };
		78B47DCE202AE25F008EC2DF /* NetworkUnit.m */ = {isa = PBXFileReference; fileEncoding = 4; lastKnownFileType = sourcecode.c.objc; path = NetworkUnit.m; sourceTree = "<group>"; };
		78B47DCF202AE25F008EC2DF /* RequestTool.h */ = {isa = PBXFileReference; fileEncoding = 4; lastKnownFileType = sourcecode.c.h; path = RequestTool.h; sourceTree = "<group>"; };
		78B47DD0202AE25F008EC2DF /* Reachability.m */ = {isa = PBXFileReference; fileEncoding = 4; lastKnownFileType = sourcecode.c.objc; path = Reachability.m; sourceTree = "<group>"; };
		78B47DD1202AE25F008EC2DF /* EGOCache.m */ = {isa = PBXFileReference; fileEncoding = 4; lastKnownFileType = sourcecode.c.objc; path = EGOCache.m; sourceTree = "<group>"; };
		78B47DD2202AE25F008EC2DF /* Reachability.h */ = {isa = PBXFileReference; fileEncoding = 4; lastKnownFileType = sourcecode.c.h; path = Reachability.h; sourceTree = "<group>"; };
		78B47DD3202AE25F008EC2DF /* NetworkUnit.h */ = {isa = PBXFileReference; fileEncoding = 4; lastKnownFileType = sourcecode.c.h; path = NetworkUnit.h; sourceTree = "<group>"; };
		78B47DD4202AE25F008EC2DF /* RequestTool.m */ = {isa = PBXFileReference; fileEncoding = 4; lastKnownFileType = sourcecode.c.objc; path = RequestTool.m; sourceTree = "<group>"; };
		78B47DDA202AE320008EC2DF /* Macros.h */ = {isa = PBXFileReference; lastKnownFileType = sourcecode.c.h; path = Macros.h; sourceTree = "<group>"; };
		78ECACB1202AF88300389B98 /* IRLabelModel.h */ = {isa = PBXFileReference; lastKnownFileType = sourcecode.c.h; path = IRLabelModel.h; sourceTree = "<group>"; };
		78ECACB2202AF88300389B98 /* IRLabelModel.m */ = {isa = PBXFileReference; lastKnownFileType = sourcecode.c.objc; path = IRLabelModel.m; sourceTree = "<group>"; };
		78ECACB4202AF94000389B98 /* Headers.h */ = {isa = PBXFileReference; lastKnownFileType = sourcecode.c.h; path = Headers.h; sourceTree = "<group>"; };
		78ECACB5202AF98F00389B98 /* AJVisionPrefix.pch */ = {isa = PBXFileReference; lastKnownFileType = sourcecode.c.h; path = AJVisionPrefix.pch; sourceTree = "<group>"; };
		78F57045202C04A500FA363D /* FaceAnalysisViewController.h */ = {isa = PBXFileReference; lastKnownFileType = sourcecode.c.h; path = FaceAnalysisViewController.h; sourceTree = "<group>"; };
		78F57046202C04A500FA363D /* FaceAnalysisViewController.m */ = {isa = PBXFileReference; lastKnownFileType = sourcecode.c.objc; path = FaceAnalysisViewController.m; sourceTree = "<group>"; };
		78F57047202C04A500FA363D /* FaceAnalysisViewController.xib */ = {isa = PBXFileReference; lastKnownFileType = file.xib; path = FaceAnalysisViewController.xib; sourceTree = "<group>"; };
		78F5704C202C063000FA363D /* icon_dancer.png */ = {isa = PBXFileReference; lastKnownFileType = image.png; path = icon_dancer.png; sourceTree = "<group>"; };
		78F5704E202C065D00FA363D /* icon_painting.png */ = {isa = PBXFileReference; lastKnownFileType = image.png; path = icon_painting.png; sourceTree = "<group>"; };
		78F57050202C365C00FA363D /* GFHTTPSessionManager.h */ = {isa = PBXFileReference; fileEncoding = 4; lastKnownFileType = sourcecode.c.h; path = GFHTTPSessionManager.h; sourceTree = "<group>"; };
		78F57051202C365C00FA363D /* GFHTTPSessionManager.m */ = {isa = PBXFileReference; fileEncoding = 4; lastKnownFileType = sourcecode.c.objc; path = GFHTTPSessionManager.m; sourceTree = "<group>"; };
		7B48D80DA4937FED717CDD25 /* libPods-AJVisionTests.a */ = {isa = PBXFileReference; explicitFileType = archive.ar; includeInIndex = 0; path = "libPods-AJVisionTests.a"; sourceTree = BUILT_PRODUCTS_DIR; };
		B97F2E4CA81A29CFAB7D6DFE /* Pods-AJVisionTests.release.xcconfig */ = {isa = PBXFileReference; includeInIndex = 1; lastKnownFileType = text.xcconfig; name = "Pods-AJVisionTests.release.xcconfig"; path = "Pods/Target Support Files/Pods-AJVisionTests/Pods-AJVisionTests.release.xcconfig"; sourceTree = "<group>"; };
		BC97C4FFDC0541FCA5FB2E7F /* Pods-AJVisionTests.debug.xcconfig */ = {isa = PBXFileReference; includeInIndex = 1; lastKnownFileType = text.xcconfig; name = "Pods-AJVisionTests.debug.xcconfig"; path = "Pods/Target Support Files/Pods-AJVisionTests/Pods-AJVisionTests.debug.xcconfig"; sourceTree = "<group>"; };
		EB4E11BC658509D4AEDA3176 /* Pods-AJVisionUITests.release.xcconfig */ = {isa = PBXFileReference; includeInIndex = 1; lastKnownFileType = text.xcconfig; name = "Pods-AJVisionUITests.release.xcconfig"; path = "Pods/Target Support Files/Pods-AJVisionUITests/Pods-AJVisionUITests.release.xcconfig"; sourceTree = "<group>"; };
		FE51BC177827E2F53C10B182 /* Pods-AJVisionUITests.debug.xcconfig */ = {isa = PBXFileReference; includeInIndex = 1; lastKnownFileType = text.xcconfig; name = "Pods-AJVisionUITests.debug.xcconfig"; path = "Pods/Target Support Files/Pods-AJVisionUITests/Pods-AJVisionUITests.debug.xcconfig"; sourceTree = "<group>"; };
/* End PBXFileReference section */

/* Begin PBXFrameworksBuildPhase section */
		78B47D8D2029BCDF008EC2DF /* Frameworks */ = {
			isa = PBXFrameworksBuildPhase;
			buildActionMask = 2147483647;
			files = (
				2F42F93606498B032A4DB041 /* libPods-AJVision.a in Frameworks */,
			);
			runOnlyForDeploymentPostprocessing = 0;
		};
		78B47DA52029BCDF008EC2DF /* Frameworks */ = {
			isa = PBXFrameworksBuildPhase;
			buildActionMask = 2147483647;
			files = (
				1B3B82481E775077FDE1CC30 /* libPods-AJVisionTests.a in Frameworks */,
			);
			runOnlyForDeploymentPostprocessing = 0;
		};
		78B47DB02029BCDF008EC2DF /* Frameworks */ = {
			isa = PBXFrameworksBuildPhase;
			buildActionMask = 2147483647;
			files = (
				959EA8D9C4CD4064DCC4B130 /* libPods-AJVisionUITests.a in Frameworks */,
			);
			runOnlyForDeploymentPostprocessing = 0;
		};
/* End PBXFrameworksBuildPhase section */

/* Begin PBXGroup section */
		5CEFAD5AA778E7903BE2BA23 /* Frameworks */ = {
			isa = PBXGroup;
			children = (
				1E31AD0691CB8DFE03F81CC9 /* libPods-AJVision.a */,
				7B48D80DA4937FED717CDD25 /* libPods-AJVisionTests.a */,
				350636924DB72281D76F8A02 /* libPods-AJVisionUITests.a */,
			);
			name = Frameworks;
			sourceTree = "<group>";
		};
		781288F22033EF4400F69130 /* Beauty */ = {
			isa = PBXGroup;
			children = (
				781288F32033EF4400F69130 /* Controller */,
			);
			path = Beauty;
			sourceTree = "<group>";
		};
		781288F32033EF4400F69130 /* Controller */ = {
			isa = PBXGroup;
			children = (
				781288F42033EF4400F69130 /* MMHomeViewController.xib */,
				781288F52033EF4400F69130 /* MMHomeViewController.m */,
				781288F62033EF4400F69130 /* MMHomeViewController.h */,
			);
			path = Controller;
			sourceTree = "<group>";
		};
		781288F92033EF5A00F69130 /* Functions */ = {
			isa = PBXGroup;
			children = (
				781288FA2033EF6600F69130 /* Controller */,
			);
			path = Functions;
			sourceTree = "<group>";
		};
		781288FA2033EF6600F69130 /* Controller */ = {
			isa = PBXGroup;
			children = (
				7812890B2033EF6600F69130 /* FCBaseViewController.h */,
				781289022033EF6600F69130 /* FCBaseViewController.m */,
				781289032033EF6600F69130 /* FCDetectViewController.h */,
				7812890F2033EF6600F69130 /* FCDetectViewController.m */,
				781289002033EF6600F69130 /* FCmergefaceViewController.h */,
				7812890D2033EF6600F69130 /* FCmergefaceViewController.m */,
				7812890A2033EF6600F69130 /* FCBodyDetectViewController.h */,
				781288FB2033EF6600F69130 /* FCBodyDetectViewController.m */,
				781289102033EF6600F69130 /* FCSearchViewController.h */,
				781289072033EF6600F69130 /* FCSearchViewController.m */,
				781288FE2033EF6600F69130 /* FCSearchViewController.xib */,
				781289042033EF6600F69130 /* FCCompareViewController.h */,
				7812890E2033EF6600F69130 /* FCCompareViewController.m */,
				781288FF2033EF6600F69130 /* FCCompareViewController.xib */,
				7812890C2033EF6600F69130 /* FCOCRDriverLicenceViewController.h */,
				781289012033EF6600F69130 /* FCOCRDriverLicenceViewController.m */,
				781289052033EF6600F69130 /* FCOCRVehicleLicenseViewController.h */,
				781289122033EF6600F69130 /* FCOCRVehicleLicenseViewController.m */,
				781289082033EF6600F69130 /* FCOCRIDCardViewController.h */,
				781288FD2033EF6600F69130 /* FCOCRIDCardViewController.m */,
				781289112033EF6600F69130 /* FCBodySegmentViewController.h */,
				781289062033EF6600F69130 /* FCBodySegmentViewController.m */,
				781288FC2033EF6600F69130 /* NSMutableAttributedString+FCExtension.h */,
				781289092033EF6600F69130 /* NSMutableAttributedString+FCExtension.m */,
			);
			path = Controller;
			sourceTree = "<group>";
		};
		781289202033F07700F69130 /* FCPPSDK */ = {
			isa = PBXGroup;
			children = (
				781289212033F07700F69130 /* FCPPConfig.h */,
				781289222033F07700F69130 /* FCPPApi.h */,
				781289232033F07700F69130 /* FCPPMergeface.m */,
				781289242033F07700F69130 /* FCPPFaceDetect.m */,
				781289252033F07700F69130 /* FCPPSDK.h */,
				781289262033F07700F69130 /* FCPPFaceSet.h */,
				781289272033F07700F69130 /* FCPPFace.m */,
				781289282033F07700F69130 /* FCPPOCR.m */,
				781289292033F07700F69130 /* FCPPBody.h */,
				7812892A2033F07700F69130 /* UIImage+FCExtension.m */,
				7812892B2033F07700F69130 /* FCPPMergeface.h */,
				7812892C2033F07700F69130 /* FCPPApi.m */,
				7812892D2033F07700F69130 /* FCPPFaceSet.m */,
				7812892E2033F07700F69130 /* FCPPFaceDetect.h */,
				7812892F2033F07700F69130 /* FCPPFace.h */,
				781289302033F07700F69130 /* UIImage+FCExtension.h */,
				781289312033F07700F69130 /* FCPPBody.m */,
				781289322033F07700F69130 /* FCPPOCR.h */,
			);
			path = FCPPSDK;
			sourceTree = "<group>";
		};
		78B47D872029BCDF008EC2DF = {
			isa = PBXGroup;
			children = (
				78B47D922029BCDF008EC2DF /* AJVision */,
				78B47DAB2029BCDF008EC2DF /* AJVisionTests */,
				78B47DB62029BCDF008EC2DF /* AJVisionUITests */,
				78B47D912029BCDF008EC2DF /* Products */,
				9775BC0B4639AF40A97100BB /* Pods */,
				5CEFAD5AA778E7903BE2BA23 /* Frameworks */,
			);
			sourceTree = "<group>";
		};
		78B47D912029BCDF008EC2DF /* Products */ = {
			isa = PBXGroup;
			children = (
				78B47D902029BCDF008EC2DF /* AJVision.app */,
				78B47DA82029BCDF008EC2DF /* AJVisionTests.xctest */,
				78B47DB32029BCDF008EC2DF /* AJVisionUITests.xctest */,
			);
			name = Products;
			sourceTree = "<group>";
		};
		78B47D922029BCDF008EC2DF /* AJVision */ = {
			isa = PBXGroup;
			children = (
				78ECACB5202AF98F00389B98 /* AJVisionPrefix.pch */,
				78B47D932029BCDF008EC2DF /* AppDelegate.h */,
				78B47D942029BCDF008EC2DF /* AppDelegate.m */,
				781288F92033EF5A00F69130 /* Functions */,
				781288F22033EF4400F69130 /* Beauty */,
				78F57041202C045E00FA363D /* FaceAnalysis */,
				78B47DC5202A9822008EC2DF /* ImageAnalysis */,
				78B47DD9202AE2F0008EC2DF /* Expand */,
				78B47DCB202AE251008EC2DF /* Resources */,
				78B47D962029BCDF008EC2DF /* ViewController.h */,
				78B47D972029BCDF008EC2DF /* ViewController.m */,
				78B47D992029BCDF008EC2DF /* Main.storyboard */,
				78B47D9C2029BCDF008EC2DF /* Assets.xcassets */,
				78B47D9E2029BCDF008EC2DF /* LaunchScreen.storyboard */,
				78B47DA12029BCDF008EC2DF /* Info.plist */,
				78B47DA22029BCDF008EC2DF /* main.m */,
			);
			path = AJVision;
			sourceTree = "<group>";
		};
		78B47DAB2029BCDF008EC2DF /* AJVisionTests */ = {
			isa = PBXGroup;
			children = (
				78B47DAC2029BCDF008EC2DF /* AJVisionTests.m */,
				78B47DAE2029BCDF008EC2DF /* Info.plist */,
			);
			path = AJVisionTests;
			sourceTree = "<group>";
		};
		78B47DB62029BCDF008EC2DF /* AJVisionUITests */ = {
			isa = PBXGroup;
			children = (
				78B47DB72029BCDF008EC2DF /* AJVisionUITests.m */,
				78B47DB92029BCDF008EC2DF /* Info.plist */,
			);
			path = AJVisionUITests;
			sourceTree = "<group>";
		};
		78B47DC5202A9822008EC2DF /* ImageAnalysis */ = {
			isa = PBXGroup;
			children = (
				78F57040202BF25C00FA363D /* Controller */,
				78ECACB0202AF85100389B98 /* Model */,
			);
			path = ImageAnalysis;
			sourceTree = "<group>";
		};
		78B47DCB202AE251008EC2DF /* Resources */ = {
			isa = PBXGroup;
			children = (
				781289202033F07700F69130 /* FCPPSDK */,
				78F5704A202C057200FA363D /* Images */,
				78B47DCC202AE251008EC2DF /* RequestTool */,
			);
			path = Resources;
			sourceTree = "<group>";
		};
		78B47DCC202AE251008EC2DF /* RequestTool */ = {
			isa = PBXGroup;
			children = (
				78F57050202C365C00FA363D /* GFHTTPSessionManager.h */,
				78F57051202C365C00FA363D /* GFHTTPSessionManager.m */,
				78B47DCD202AE25E008EC2DF /* EGOCache.h */,
				78B47DD1202AE25F008EC2DF /* EGOCache.m */,
				78B47DD3202AE25F008EC2DF /* NetworkUnit.h */,
				78B47DCE202AE25F008EC2DF /* NetworkUnit.m */,
				78B47DD2202AE25F008EC2DF /* Reachability.h */,
				78B47DD0202AE25F008EC2DF /* Reachability.m */,
				78B47DCF202AE25F008EC2DF /* RequestTool.h */,
				78B47DD4202AE25F008EC2DF /* RequestTool.m */,
			);
			path = RequestTool;
			sourceTree = "<group>";
		};
		78B47DD9202AE2F0008EC2DF /* Expand */ = {
			isa = PBXGroup;
			children = (
				78B47DDA202AE320008EC2DF /* Macros.h */,
				78ECACB4202AF94000389B98 /* Headers.h */,
			);
			path = Expand;
			sourceTree = "<group>";
		};
		78ECACB0202AF85100389B98 /* Model */ = {
			isa = PBXGroup;
			children = (
				78ECACB1202AF88300389B98 /* IRLabelModel.h */,
				78ECACB2202AF88300389B98 /* IRLabelModel.m */,
			);
			path = Model;
			sourceTree = "<group>";
		};
		78F57040202BF25C00FA363D /* Controller */ = {
			isa = PBXGroup;
			children = (
				78B47DC6202A9853008EC2DF /* ImageRecongnitionViewController.h */,
				78B47DC7202A9853008EC2DF /* ImageRecongnitionViewController.m */,
				78B47DC8202A9853008EC2DF /* ImageRecongnitionViewController.xib */,
			);
			path = Controller;
			sourceTree = "<group>";
		};
		78F57041202C045E00FA363D /* FaceAnalysis */ = {
			isa = PBXGroup;
			children = (
				78F57042202C047C00FA363D /* Controller */,
				78F57043202C047C00FA363D /* Model */,
				78F57044202C047C00FA363D /* View */,
			);
			path = FaceAnalysis;
			sourceTree = "<group>";
		};
		78F57042202C047C00FA363D /* Controller */ = {
			isa = PBXGroup;
			children = (
				78F57045202C04A500FA363D /* FaceAnalysisViewController.h */,
				78F57046202C04A500FA363D /* FaceAnalysisViewController.m */,
				78F57047202C04A500FA363D /* FaceAnalysisViewController.xib */,
			);
			path = Controller;
			sourceTree = "<group>";
		};
		78F57043202C047C00FA363D /* Model */ = {
			isa = PBXGroup;
			children = (
			);
			path = Model;
			sourceTree = "<group>";
		};
		78F57044202C047C00FA363D /* View */ = {
			isa = PBXGroup;
			children = (
			);
			path = View;
			sourceTree = "<group>";
		};
		78F5704A202C057200FA363D /* Images */ = {
			isa = PBXGroup;
			children = (
				78F5704B202C058300FA363D /* Icons */,
			);
			path = Images;
			sourceTree = "<group>";
		};
		78F5704B202C058300FA363D /* Icons */ = {
			isa = PBXGroup;
			children = (
				78F5704C202C063000FA363D /* icon_dancer.png */,
				78F5704E202C065D00FA363D /* icon_painting.png */,
			);
			path = Icons;
			sourceTree = "<group>";
		};
		9775BC0B4639AF40A97100BB /* Pods */ = {
			isa = PBXGroup;
			children = (
				77728D37DC35BC4BB1C2B852 /* Pods-AJVision.debug.xcconfig */,
				0A713254639A725F907B35E4 /* Pods-AJVision.release.xcconfig */,
				BC97C4FFDC0541FCA5FB2E7F /* Pods-AJVisionTests.debug.xcconfig */,
				B97F2E4CA81A29CFAB7D6DFE /* Pods-AJVisionTests.release.xcconfig */,
				FE51BC177827E2F53C10B182 /* Pods-AJVisionUITests.debug.xcconfig */,
				EB4E11BC658509D4AEDA3176 /* Pods-AJVisionUITests.release.xcconfig */,
			);
			name = Pods;
			sourceTree = "<group>";
		};
/* End PBXGroup section */

/* Begin PBXNativeTarget section */
		78B47D8F2029BCDF008EC2DF /* AJVision */ = {
			isa = PBXNativeTarget;
			buildConfigurationList = 78B47DBC2029BCDF008EC2DF /* Build configuration list for PBXNativeTarget "AJVision" */;
			buildPhases = (
				E1099E7196BF0C1C892E3989 /* [CP] Check Pods Manifest.lock */,
				78B47D8C2029BCDF008EC2DF /* Sources */,
				78B47D8D2029BCDF008EC2DF /* Frameworks */,
				78B47D8E2029BCDF008EC2DF /* Resources */,
				91CCC6CC49573C73F6A74506 /* [CP] Embed Pods Frameworks */,
				EA795E849F0F83B5C9AEAF4B /* [CP] Copy Pods Resources */,
			);
			buildRules = (
			);
			dependencies = (
			);
			name = AJVision;
			productName = AJVision;
			productReference = 78B47D902029BCDF008EC2DF /* AJVision.app */;
			productType = "com.apple.product-type.application";
		};
		78B47DA72029BCDF008EC2DF /* AJVisionTests */ = {
			isa = PBXNativeTarget;
			buildConfigurationList = 78B47DBF2029BCDF008EC2DF /* Build configuration list for PBXNativeTarget "AJVisionTests" */;
			buildPhases = (
				8665CF80A2D0A11055CF6325 /* [CP] Check Pods Manifest.lock */,
				78B47DA42029BCDF008EC2DF /* Sources */,
				78B47DA52029BCDF008EC2DF /* Frameworks */,
				78B47DA62029BCDF008EC2DF /* Resources */,
				EB5864FF0979A4BF4F78EC33 /* [CP] Embed Pods Frameworks */,
				03F8980E9FF06B078B3AE5B9 /* [CP] Copy Pods Resources */,
			);
			buildRules = (
			);
			dependencies = (
				78B47DAA2029BCDF008EC2DF /* PBXTargetDependency */,
			);
			name = AJVisionTests;
			productName = AJVisionTests;
			productReference = 78B47DA82029BCDF008EC2DF /* AJVisionTests.xctest */;
			productType = "com.apple.product-type.bundle.unit-test";
		};
		78B47DB22029BCDF008EC2DF /* AJVisionUITests */ = {
			isa = PBXNativeTarget;
			buildConfigurationList = 78B47DC22029BCDF008EC2DF /* Build configuration list for PBXNativeTarget "AJVisionUITests" */;
			buildPhases = (
				45D550AA9993695D433DC464 /* [CP] Check Pods Manifest.lock */,
				78B47DAF2029BCDF008EC2DF /* Sources */,
				78B47DB02029BCDF008EC2DF /* Frameworks */,
				78B47DB12029BCDF008EC2DF /* Resources */,
				99DD8F348CF6ED98C23E8D1A /* [CP] Embed Pods Frameworks */,
				3F3005BD0425A265E0C14093 /* [CP] Copy Pods Resources */,
			);
			buildRules = (
			);
			dependencies = (
				78B47DB52029BCDF008EC2DF /* PBXTargetDependency */,
			);
			name = AJVisionUITests;
			productName = AJVisionUITests;
			productReference = 78B47DB32029BCDF008EC2DF /* AJVisionUITests.xctest */;
			productType = "com.apple.product-type.bundle.ui-testing";
		};
/* End PBXNativeTarget section */

/* Begin PBXProject section */
		78B47D882029BCDF008EC2DF /* Project object */ = {
			isa = PBXProject;
			attributes = {
				LastUpgradeCheck = 0920;
				ORGANIZATIONNAME = "Alice Jin";
				TargetAttributes = {
					78B47D8F2029BCDF008EC2DF = {
						CreatedOnToolsVersion = 9.2;
						ProvisioningStyle = Automatic;
					};
					78B47DA72029BCDF008EC2DF = {
						CreatedOnToolsVersion = 9.2;
						ProvisioningStyle = Automatic;
						TestTargetID = 78B47D8F2029BCDF008EC2DF;
					};
					78B47DB22029BCDF008EC2DF = {
						CreatedOnToolsVersion = 9.2;
						ProvisioningStyle = Automatic;
						TestTargetID = 78B47D8F2029BCDF008EC2DF;
					};
				};
			};
			buildConfigurationList = 78B47D8B2029BCDF008EC2DF /* Build configuration list for PBXProject "AJVision" */;
			compatibilityVersion = "Xcode 8.0";
			developmentRegion = en;
			hasScannedForEncodings = 0;
			knownRegions = (
				en,
				Base,
			);
			mainGroup = 78B47D872029BCDF008EC2DF;
			productRefGroup = 78B47D912029BCDF008EC2DF /* Products */;
			projectDirPath = "";
			projectRoot = "";
			targets = (
				78B47D8F2029BCDF008EC2DF /* AJVision */,
				78B47DA72029BCDF008EC2DF /* AJVisionTests */,
				78B47DB22029BCDF008EC2DF /* AJVisionUITests */,
			);
		};
/* End PBXProject section */

/* Begin PBXResourcesBuildPhase section */
		78B47D8E2029BCDF008EC2DF /* Resources */ = {
			isa = PBXResourcesBuildPhase;
			buildActionMask = 2147483647;
			files = (
				78B47DA02029BCDF008EC2DF /* LaunchScreen.storyboard in Resources */,
				78B47DCA202A9853008EC2DF /* ImageRecongnitionViewController.xib in Resources */,
				78F57049202C04A500FA363D /* FaceAnalysisViewController.xib in Resources */,
				781288F72033EF4400F69130 /* MMHomeViewController.xib in Resources */,
				78B47D9D2029BCDF008EC2DF /* Assets.xcassets in Resources */,
				781289162033EF6600F69130 /* FCCompareViewController.xib in Resources */,
				78F5704D202C063000FA363D /* icon_dancer.png in Resources */,
				781289152033EF6600F69130 /* FCSearchViewController.xib in Resources */,
				78F5704F202C065D00FA363D /* icon_painting.png in Resources */,
				78B47D9B2029BCDF008EC2DF /* Main.storyboard in Resources */,
			);
			runOnlyForDeploymentPostprocessing = 0;
		};
		78B47DA62029BCDF008EC2DF /* Resources */ = {
			isa = PBXResourcesBuildPhase;
			buildActionMask = 2147483647;
			files = (
			);
			runOnlyForDeploymentPostprocessing = 0;
		};
		78B47DB12029BCDF008EC2DF /* Resources */ = {
			isa = PBXResourcesBuildPhase;
			buildActionMask = 2147483647;
			files = (
			);
			runOnlyForDeploymentPostprocessing = 0;
		};
/* End PBXResourcesBuildPhase section */

/* Begin PBXShellScriptBuildPhase section */
		03F8980E9FF06B078B3AE5B9 /* [CP] Copy Pods Resources */ = {
			isa = PBXShellScriptBuildPhase;
			buildActionMask = 2147483647;
			files = (
			);
			inputPaths = (
				"${SRCROOT}/Pods/Target Support Files/Pods-AJVisionTests/Pods-AJVisionTests-resources.sh",
				"${PODS_ROOT}/MJRefresh/MJRefresh/MJRefresh.bundle",
				"${PODS_ROOT}/SVProgressHUD/SVProgressHUD/SVProgressHUD.bundle",
			);
			name = "[CP] Copy Pods Resources";
			outputPaths = (
				"${TARGET_BUILD_DIR}/${UNLOCALIZED_RESOURCES_FOLDER_PATH}/MJRefresh.bundle",
				"${TARGET_BUILD_DIR}/${UNLOCALIZED_RESOURCES_FOLDER_PATH}/SVProgressHUD.bundle",
			);
			runOnlyForDeploymentPostprocessing = 0;
			shellPath = /bin/sh;
			shellScript = "\"${SRCROOT}/Pods/Target Support Files/Pods-AJVisionTests/Pods-AJVisionTests-resources.sh\"\n";
			showEnvVarsInLog = 0;
		};
		3F3005BD0425A265E0C14093 /* [CP] Copy Pods Resources */ = {
			isa = PBXShellScriptBuildPhase;
			buildActionMask = 2147483647;
			files = (
			);
			inputPaths = (
				"${SRCROOT}/Pods/Target Support Files/Pods-AJVisionUITests/Pods-AJVisionUITests-resources.sh",
				"${PODS_ROOT}/MJRefresh/MJRefresh/MJRefresh.bundle",
				"${PODS_ROOT}/SVProgressHUD/SVProgressHUD/SVProgressHUD.bundle",
			);
			name = "[CP] Copy Pods Resources";
			outputPaths = (
				"${TARGET_BUILD_DIR}/${UNLOCALIZED_RESOURCES_FOLDER_PATH}/MJRefresh.bundle",
				"${TARGET_BUILD_DIR}/${UNLOCALIZED_RESOURCES_FOLDER_PATH}/SVProgressHUD.bundle",
			);
			runOnlyForDeploymentPostprocessing = 0;
			shellPath = /bin/sh;
			shellScript = "\"${SRCROOT}/Pods/Target Support Files/Pods-AJVisionUITests/Pods-AJVisionUITests-resources.sh\"\n";
			showEnvVarsInLog = 0;
		};
		45D550AA9993695D433DC464 /* [CP] Check Pods Manifest.lock */ = {
			isa = PBXShellScriptBuildPhase;
			buildActionMask = 2147483647;
			files = (
			);
			inputPaths = (
				"${PODS_PODFILE_DIR_PATH}/Podfile.lock",
				"${PODS_ROOT}/Manifest.lock",
			);
			name = "[CP] Check Pods Manifest.lock";
			outputPaths = (
				"$(DERIVED_FILE_DIR)/Pods-AJVisionUITests-checkManifestLockResult.txt",
			);
			runOnlyForDeploymentPostprocessing = 0;
			shellPath = /bin/sh;
			shellScript = "diff \"${PODS_PODFILE_DIR_PATH}/Podfile.lock\" \"${PODS_ROOT}/Manifest.lock\" > /dev/null\nif [ $? != 0 ] ; then\n    # print error to STDERR\n    echo \"error: The sandbox is not in sync with the Podfile.lock. Run 'pod install' or update your CocoaPods installation.\" >&2\n    exit 1\nfi\n# This output is used by Xcode 'outputs' to avoid re-running this script phase.\necho \"SUCCESS\" > \"${SCRIPT_OUTPUT_FILE_0}\"\n";
			showEnvVarsInLog = 0;
		};
		8665CF80A2D0A11055CF6325 /* [CP] Check Pods Manifest.lock */ = {
			isa = PBXShellScriptBuildPhase;
			buildActionMask = 2147483647;
			files = (
			);
			inputPaths = (
				"${PODS_PODFILE_DIR_PATH}/Podfile.lock",
				"${PODS_ROOT}/Manifest.lock",
			);
			name = "[CP] Check Pods Manifest.lock";
			outputPaths = (
				"$(DERIVED_FILE_DIR)/Pods-AJVisionTests-checkManifestLockResult.txt",
			);
			runOnlyForDeploymentPostprocessing = 0;
			shellPath = /bin/sh;
			shellScript = "diff \"${PODS_PODFILE_DIR_PATH}/Podfile.lock\" \"${PODS_ROOT}/Manifest.lock\" > /dev/null\nif [ $? != 0 ] ; then\n    # print error to STDERR\n    echo \"error: The sandbox is not in sync with the Podfile.lock. Run 'pod install' or update your CocoaPods installation.\" >&2\n    exit 1\nfi\n# This output is used by Xcode 'outputs' to avoid re-running this script phase.\necho \"SUCCESS\" > \"${SCRIPT_OUTPUT_FILE_0}\"\n";
			showEnvVarsInLog = 0;
		};
		91CCC6CC49573C73F6A74506 /* [CP] Embed Pods Frameworks */ = {
			isa = PBXShellScriptBuildPhase;
			buildActionMask = 2147483647;
			files = (
			);
			inputPaths = (
			);
			name = "[CP] Embed Pods Frameworks";
			outputPaths = (
			);
			runOnlyForDeploymentPostprocessing = 0;
			shellPath = /bin/sh;
			shellScript = "\"${SRCROOT}/Pods/Target Support Files/Pods-AJVision/Pods-AJVision-frameworks.sh\"\n";
			showEnvVarsInLog = 0;
		};
		99DD8F348CF6ED98C23E8D1A /* [CP] Embed Pods Frameworks */ = {
			isa = PBXShellScriptBuildPhase;
			buildActionMask = 2147483647;
			files = (
			);
			inputPaths = (
			);
			name = "[CP] Embed Pods Frameworks";
			outputPaths = (
			);
			runOnlyForDeploymentPostprocessing = 0;
			shellPath = /bin/sh;
			shellScript = "\"${SRCROOT}/Pods/Target Support Files/Pods-AJVisionUITests/Pods-AJVisionUITests-frameworks.sh\"\n";
			showEnvVarsInLog = 0;
		};
		E1099E7196BF0C1C892E3989 /* [CP] Check Pods Manifest.lock */ = {
			isa = PBXShellScriptBuildPhase;
			buildActionMask = 2147483647;
			files = (
			);
			inputPaths = (
				"${PODS_PODFILE_DIR_PATH}/Podfile.lock",
				"${PODS_ROOT}/Manifest.lock",
			);
			name = "[CP] Check Pods Manifest.lock";
			outputPaths = (
				"$(DERIVED_FILE_DIR)/Pods-AJVision-checkManifestLockResult.txt",
			);
			runOnlyForDeploymentPostprocessing = 0;
			shellPath = /bin/sh;
			shellScript = "diff \"${PODS_PODFILE_DIR_PATH}/Podfile.lock\" \"${PODS_ROOT}/Manifest.lock\" > /dev/null\nif [ $? != 0 ] ; then\n    # print error to STDERR\n    echo \"error: The sandbox is not in sync with the Podfile.lock. Run 'pod install' or update your CocoaPods installation.\" >&2\n    exit 1\nfi\n# This output is used by Xcode 'outputs' to avoid re-running this script phase.\necho \"SUCCESS\" > \"${SCRIPT_OUTPUT_FILE_0}\"\n";
			showEnvVarsInLog = 0;
		};
		EA795E849F0F83B5C9AEAF4B /* [CP] Copy Pods Resources */ = {
			isa = PBXShellScriptBuildPhase;
			buildActionMask = 2147483647;
			files = (
			);
			inputPaths = (
				"${SRCROOT}/Pods/Target Support Files/Pods-AJVision/Pods-AJVision-resources.sh",
				"${PODS_ROOT}/MJRefresh/MJRefresh/MJRefresh.bundle",
				"${PODS_ROOT}/SVProgressHUD/SVProgressHUD/SVProgressHUD.bundle",
			);
			name = "[CP] Copy Pods Resources";
			outputPaths = (
				"${TARGET_BUILD_DIR}/${UNLOCALIZED_RESOURCES_FOLDER_PATH}/MJRefresh.bundle",
				"${TARGET_BUILD_DIR}/${UNLOCALIZED_RESOURCES_FOLDER_PATH}/SVProgressHUD.bundle",
			);
			runOnlyForDeploymentPostprocessing = 0;
			shellPath = /bin/sh;
			shellScript = "\"${SRCROOT}/Pods/Target Support Files/Pods-AJVision/Pods-AJVision-resources.sh\"\n";
			showEnvVarsInLog = 0;
		};
		EB5864FF0979A4BF4F78EC33 /* [CP] Embed Pods Frameworks */ = {
			isa = PBXShellScriptBuildPhase;
			buildActionMask = 2147483647;
			files = (
			);
			inputPaths = (
			);
			name = "[CP] Embed Pods Frameworks";
			outputPaths = (
			);
			runOnlyForDeploymentPostprocessing = 0;
			shellPath = /bin/sh;
			shellScript = "\"${SRCROOT}/Pods/Target Support Files/Pods-AJVisionTests/Pods-AJVisionTests-frameworks.sh\"\n";
			showEnvVarsInLog = 0;
		};
/* End PBXShellScriptBuildPhase section */

/* Begin PBXSourcesBuildPhase section */
		78B47D8C2029BCDF008EC2DF /* Sources */ = {
			isa = PBXSourcesBuildPhase;
			buildActionMask = 2147483647;
			files = (
				7812891D2033EF6600F69130 /* FCCompareViewController.m in Sources */,
				781289192033EF6600F69130 /* FCBodySegmentViewController.m in Sources */,
				78B47D982029BCDF008EC2DF /* ViewController.m in Sources */,
				78ECACB3202AF88300389B98 /* IRLabelModel.m in Sources */,
				78B47DA32029BCDF008EC2DF /* main.m in Sources */,
				78B47D952029BCDF008EC2DF /* AppDelegate.m in Sources */,
				781289372033F07700F69130 /* UIImage+FCExtension.m in Sources */,
				7812891F2033EF6600F69130 /* FCOCRVehicleLicenseViewController.m in Sources */,
				781289182033EF6600F69130 /* FCBaseViewController.m in Sources */,
				781289362033F07700F69130 /* FCPPOCR.m in Sources */,
				781289172033EF6600F69130 /* FCOCRDriverLicenceViewController.m in Sources */,
				781289342033F07700F69130 /* FCPPFaceDetect.m in Sources */,
				78B47DD7202AE25F008EC2DF /* EGOCache.m in Sources */,
				781289332033F07700F69130 /* FCPPMergeface.m in Sources */,
				781289142033EF6600F69130 /* FCOCRIDCardViewController.m in Sources */,
				78B47DC9202A9853008EC2DF /* ImageRecongnitionViewController.m in Sources */,
				781289392033F07700F69130 /* FCPPFaceSet.m in Sources */,
				78B47DD6202AE25F008EC2DF /* Reachability.m in Sources */,
				781289382033F07700F69130 /* FCPPApi.m in Sources */,
				7812893A2033F07700F69130 /* FCPPBody.m in Sources */,
				781289352033F07700F69130 /* FCPPFace.m in Sources */,
				78B47DD5202AE25F008EC2DF /* NetworkUnit.m in Sources */,
				78B47DD8202AE25F008EC2DF /* RequestTool.m in Sources */,
				7812891A2033EF6600F69130 /* FCSearchViewController.m in Sources */,
				781289132033EF6600F69130 /* FCBodyDetectViewController.m in Sources */,
				78F57048202C04A500FA363D /* FaceAnalysisViewController.m in Sources */,
				78F57052202C365C00FA363D /* GFHTTPSessionManager.m in Sources */,
				7812891C2033EF6600F69130 /* FCmergefaceViewController.m in Sources */,
				781288F82033EF4400F69130 /* MMHomeViewController.m in Sources */,
				7812891E2033EF6600F69130 /* FCDetectViewController.m in Sources */,
				7812891B2033EF6600F69130 /* NSMutableAttributedString+FCExtension.m in Sources */,
			);
			runOnlyForDeploymentPostprocessing = 0;
		};
		78B47DA42029BCDF008EC2DF /* Sources */ = {
			isa = PBXSourcesBuildPhase;
			buildActionMask = 2147483647;
			files = (
				78B47DAD2029BCDF008EC2DF /* AJVisionTests.m in Sources */,
			);
			runOnlyForDeploymentPostprocessing = 0;
		};
		78B47DAF2029BCDF008EC2DF /* Sources */ = {
			isa = PBXSourcesBuildPhase;
			buildActionMask = 2147483647;
			files = (
				78B47DB82029BCDF008EC2DF /* AJVisionUITests.m in Sources */,
			);
			runOnlyForDeploymentPostprocessing = 0;
		};
/* End PBXSourcesBuildPhase section */

/* Begin PBXTargetDependency section */
		78B47DAA2029BCDF008EC2DF /* PBXTargetDependency */ = {
			isa = PBXTargetDependency;
			target = 78B47D8F2029BCDF008EC2DF /* AJVision */;
			targetProxy = 78B47DA92029BCDF008EC2DF /* PBXContainerItemProxy */;
		};
		78B47DB52029BCDF008EC2DF /* PBXTargetDependency */ = {
			isa = PBXTargetDependency;
			target = 78B47D8F2029BCDF008EC2DF /* AJVision */;
			targetProxy = 78B47DB42029BCDF008EC2DF /* PBXContainerItemProxy */;
		};
/* End PBXTargetDependency section */

/* Begin PBXVariantGroup section */
		78B47D992029BCDF008EC2DF /* Main.storyboard */ = {
			isa = PBXVariantGroup;
			children = (
				78B47D9A2029BCDF008EC2DF /* Base */,
			);
			name = Main.storyboard;
			sourceTree = "<group>";
		};
		78B47D9E2029BCDF008EC2DF /* LaunchScreen.storyboard */ = {
			isa = PBXVariantGroup;
			children = (
				78B47D9F2029BCDF008EC2DF /* Base */,
			);
			name = LaunchScreen.storyboard;
			sourceTree = "<group>";
		};
/* End PBXVariantGroup section */

/* Begin XCBuildConfiguration section */
		78B47DBA2029BCDF008EC2DF /* Debug */ = {
			isa = XCBuildConfiguration;
			buildSettings = {
				ALWAYS_SEARCH_USER_PATHS = NO;
				CLANG_ANALYZER_NONNULL = YES;
				CLANG_ANALYZER_NUMBER_OBJECT_CONVERSION = YES_AGGRESSIVE;
				CLANG_CXX_LANGUAGE_STANDARD = "gnu++14";
				CLANG_CXX_LIBRARY = "libc++";
				CLANG_ENABLE_MODULES = YES;
				CLANG_ENABLE_OBJC_ARC = YES;
				CLANG_WARN_BLOCK_CAPTURE_AUTORELEASING = YES;
				CLANG_WARN_BOOL_CONVERSION = YES;
				CLANG_WARN_COMMA = YES;
				CLANG_WARN_CONSTANT_CONVERSION = YES;
				CLANG_WARN_DIRECT_OBJC_ISA_USAGE = YES_ERROR;
				CLANG_WARN_DOCUMENTATION_COMMENTS = YES;
				CLANG_WARN_EMPTY_BODY = YES;
				CLANG_WARN_ENUM_CONVERSION = YES;
				CLANG_WARN_INFINITE_RECURSION = YES;
				CLANG_WARN_INT_CONVERSION = YES;
				CLANG_WARN_NON_LITERAL_NULL_CONVERSION = YES;
				CLANG_WARN_OBJC_LITERAL_CONVERSION = YES;
				CLANG_WARN_OBJC_ROOT_CLASS = YES_ERROR;
				CLANG_WARN_RANGE_LOOP_ANALYSIS = YES;
				CLANG_WARN_STRICT_PROTOTYPES = YES;
				CLANG_WARN_SUSPICIOUS_MOVE = YES;
				CLANG_WARN_UNGUARDED_AVAILABILITY = YES_AGGRESSIVE;
				CLANG_WARN_UNREACHABLE_CODE = YES;
				CLANG_WARN__DUPLICATE_METHOD_MATCH = YES;
				CODE_SIGN_IDENTITY = "iPhone Developer";
				COPY_PHASE_STRIP = NO;
				DEBUG_INFORMATION_FORMAT = dwarf;
				ENABLE_STRICT_OBJC_MSGSEND = YES;
				ENABLE_TESTABILITY = YES;
				GCC_C_LANGUAGE_STANDARD = gnu11;
				GCC_DYNAMIC_NO_PIC = NO;
				GCC_NO_COMMON_BLOCKS = YES;
				GCC_OPTIMIZATION_LEVEL = 0;
				GCC_PREPROCESSOR_DEFINITIONS = (
					"DEBUG=1",
					"$(inherited)",
				);
				GCC_WARN_64_TO_32_BIT_CONVERSION = YES;
				GCC_WARN_ABOUT_RETURN_TYPE = YES_ERROR;
				GCC_WARN_UNDECLARED_SELECTOR = YES;
				GCC_WARN_UNINITIALIZED_AUTOS = YES_AGGRESSIVE;
				GCC_WARN_UNUSED_FUNCTION = YES;
				GCC_WARN_UNUSED_VARIABLE = YES;
				IPHONEOS_DEPLOYMENT_TARGET = 11.2;
				MTL_ENABLE_DEBUG_INFO = YES;
				ONLY_ACTIVE_ARCH = YES;
				SDKROOT = iphoneos;
			};
			name = Debug;
		};
		78B47DBB2029BCDF008EC2DF /* Release */ = {
			isa = XCBuildConfiguration;
			buildSettings = {
				ALWAYS_SEARCH_USER_PATHS = NO;
				CLANG_ANALYZER_NONNULL = YES;
				CLANG_ANALYZER_NUMBER_OBJECT_CONVERSION = YES_AGGRESSIVE;
				CLANG_CXX_LANGUAGE_STANDARD = "gnu++14";
				CLANG_CXX_LIBRARY = "libc++";
				CLANG_ENABLE_MODULES = YES;
				CLANG_ENABLE_OBJC_ARC = YES;
				CLANG_WARN_BLOCK_CAPTURE_AUTORELEASING = YES;
				CLANG_WARN_BOOL_CONVERSION = YES;
				CLANG_WARN_COMMA = YES;
				CLANG_WARN_CONSTANT_CONVERSION = YES;
				CLANG_WARN_DIRECT_OBJC_ISA_USAGE = YES_ERROR;
				CLANG_WARN_DOCUMENTATION_COMMENTS = YES;
				CLANG_WARN_EMPTY_BODY = YES;
				CLANG_WARN_ENUM_CONVERSION = YES;
				CLANG_WARN_INFINITE_RECURSION = YES;
				CLANG_WARN_INT_CONVERSION = YES;
				CLANG_WARN_NON_LITERAL_NULL_CONVERSION = YES;
				CLANG_WARN_OBJC_LITERAL_CONVERSION = YES;
				CLANG_WARN_OBJC_ROOT_CLASS = YES_ERROR;
				CLANG_WARN_RANGE_LOOP_ANALYSIS = YES;
				CLANG_WARN_STRICT_PROTOTYPES = YES;
				CLANG_WARN_SUSPICIOUS_MOVE = YES;
				CLANG_WARN_UNGUARDED_AVAILABILITY = YES_AGGRESSIVE;
				CLANG_WARN_UNREACHABLE_CODE = YES;
				CLANG_WARN__DUPLICATE_METHOD_MATCH = YES;
				CODE_SIGN_IDENTITY = "iPhone Developer";
				COPY_PHASE_STRIP = NO;
				DEBUG_INFORMATION_FORMAT = "dwarf-with-dsym";
				ENABLE_NS_ASSERTIONS = NO;
				ENABLE_STRICT_OBJC_MSGSEND = YES;
				GCC_C_LANGUAGE_STANDARD = gnu11;
				GCC_NO_COMMON_BLOCKS = YES;
				GCC_WARN_64_TO_32_BIT_CONVERSION = YES;
				GCC_WARN_ABOUT_RETURN_TYPE = YES_ERROR;
				GCC_WARN_UNDECLARED_SELECTOR = YES;
				GCC_WARN_UNINITIALIZED_AUTOS = YES_AGGRESSIVE;
				GCC_WARN_UNUSED_FUNCTION = YES;
				GCC_WARN_UNUSED_VARIABLE = YES;
				IPHONEOS_DEPLOYMENT_TARGET = 11.2;
				MTL_ENABLE_DEBUG_INFO = NO;
				SDKROOT = iphoneos;
				VALIDATE_PRODUCT = YES;
			};
			name = Release;
		};
		78B47DBD2029BCDF008EC2DF /* Debug */ = {
			isa = XCBuildConfiguration;
			baseConfigurationReference = 77728D37DC35BC4BB1C2B852 /* Pods-AJVision.debug.xcconfig */;
			buildSettings = {
				ASSETCATALOG_COMPILER_APPICON_NAME = AppIcon;
				CODE_SIGN_STYLE = Automatic;
				DEVELOPMENT_TEAM = 36DSW7DB5F;
				GCC_PREFIX_HEADER = "$(SRCROOT)/AJVision/AJVisionPrefix.pch";
				INFOPLIST_FILE = AJVision/Info.plist;
				LD_RUNPATH_SEARCH_PATHS = "$(inherited) @executable_path/Frameworks";
				PRODUCT_BUNDLE_IDENTIFIER = com.AJ.AJVision;
				PRODUCT_NAME = "$(TARGET_NAME)";
				TARGETED_DEVICE_FAMILY = "1,2";
			};
			name = Debug;
		};
		78B47DBE2029BCDF008EC2DF /* Release */ = {
			isa = XCBuildConfiguration;
			baseConfigurationReference = 0A713254639A725F907B35E4 /* Pods-AJVision.release.xcconfig */;
			buildSettings = {
				ASSETCATALOG_COMPILER_APPICON_NAME = AppIcon;
				CODE_SIGN_STYLE = Automatic;
				DEVELOPMENT_TEAM = 36DSW7DB5F;
				GCC_PREFIX_HEADER = "$(SRCROOT)/AJVision/AJVisionPrefix.pch";
				INFOPLIST_FILE = AJVision/Info.plist;
				LD_RUNPATH_SEARCH_PATHS = "$(inherited) @executable_path/Frameworks";
				PRODUCT_BUNDLE_IDENTIFIER = com.AJ.AJVision;
				PRODUCT_NAME = "$(TARGET_NAME)";
				TARGETED_DEVICE_FAMILY = "1,2";
			};
			name = Release;
		};
		78B47DC02029BCDF008EC2DF /* Debug */ = {
			isa = XCBuildConfiguration;
			baseConfigurationReference = BC97C4FFDC0541FCA5FB2E7F /* Pods-AJVisionTests.debug.xcconfig */;
			buildSettings = {
				BUNDLE_LOADER = "$(TEST_HOST)";
				CODE_SIGN_STYLE = Automatic;
				INFOPLIST_FILE = AJVisionTests/Info.plist;
				LD_RUNPATH_SEARCH_PATHS = "$(inherited) @executable_path/Frameworks @loader_path/Frameworks";
				PRODUCT_BUNDLE_IDENTIFIER = com.AJ.AJVisionTests;
				PRODUCT_NAME = "$(TARGET_NAME)";
				TARGETED_DEVICE_FAMILY = "1,2";
				TEST_HOST = "$(BUILT_PRODUCTS_DIR)/AJVision.app/AJVision";
			};
			name = Debug;
		};
		78B47DC12029BCDF008EC2DF /* Release */ = {
			isa = XCBuildConfiguration;
			baseConfigurationReference = B97F2E4CA81A29CFAB7D6DFE /* Pods-AJVisionTests.release.xcconfig */;
			buildSettings = {
				BUNDLE_LOADER = "$(TEST_HOST)";
				CODE_SIGN_STYLE = Automatic;
				INFOPLIST_FILE = AJVisionTests/Info.plist;
				LD_RUNPATH_SEARCH_PATHS = "$(inherited) @executable_path/Frameworks @loader_path/Frameworks";
				PRODUCT_BUNDLE_IDENTIFIER = com.AJ.AJVisionTests;
				PRODUCT_NAME = "$(TARGET_NAME)";
				TARGETED_DEVICE_FAMILY = "1,2";
				TEST_HOST = "$(BUILT_PRODUCTS_DIR)/AJVision.app/AJVision";
			};
			name = Release;
		};
		78B47DC32029BCDF008EC2DF /* Debug */ = {
			isa = XCBuildConfiguration;
			baseConfigurationReference = FE51BC177827E2F53C10B182 /* Pods-AJVisionUITests.debug.xcconfig */;
			buildSettings = {
				CODE_SIGN_STYLE = Automatic;
				INFOPLIST_FILE = AJVisionUITests/Info.plist;
				LD_RUNPATH_SEARCH_PATHS = "$(inherited) @executable_path/Frameworks @loader_path/Frameworks";
				PRODUCT_BUNDLE_IDENTIFIER = com.AJ.AJVisionUITests;
				PRODUCT_NAME = "$(TARGET_NAME)";
				TARGETED_DEVICE_FAMILY = "1,2";
				TEST_TARGET_NAME = AJVision;
			};
			name = Debug;
		};
		78B47DC42029BCDF008EC2DF /* Release */ = {
			isa = XCBuildConfiguration;
			baseConfigurationReference = EB4E11BC658509D4AEDA3176 /* Pods-AJVisionUITests.release.xcconfig */;
			buildSettings = {
				CODE_SIGN_STYLE = Automatic;
				INFOPLIST_FILE = AJVisionUITests/Info.plist;
				LD_RUNPATH_SEARCH_PATHS = "$(inherited) @executable_path/Frameworks @loader_path/Frameworks";
				PRODUCT_BUNDLE_IDENTIFIER = com.AJ.AJVisionUITests;
				PRODUCT_NAME = "$(TARGET_NAME)";
				TARGETED_DEVICE_FAMILY = "1,2";
				TEST_TARGET_NAME = AJVision;
			};
			name = Release;
		};
/* End XCBuildConfiguration section */

/* Begin XCConfigurationList section */
		78B47D8B2029BCDF008EC2DF /* Build configuration list for PBXProject "AJVision" */ = {
			isa = XCConfigurationList;
			buildConfigurations = (
				78B47DBA2029BCDF008EC2DF /* Debug */,
				78B47DBB2029BCDF008EC2DF /* Release */,
			);
			defaultConfigurationIsVisible = 0;
			defaultConfigurationName = Release;
		};
		78B47DBC2029BCDF008EC2DF /* Build configuration list for PBXNativeTarget "AJVision" */ = {
			isa = XCConfigurationList;
			buildConfigurations = (
				78B47DBD2029BCDF008EC2DF /* Debug */,
				78B47DBE2029BCDF008EC2DF /* Release */,
			);
			defaultConfigurationIsVisible = 0;
			defaultConfigurationName = Release;
		};
		78B47DBF2029BCDF008EC2DF /* Build configuration list for PBXNativeTarget "AJVisionTests" */ = {
			isa = XCConfigurationList;
			buildConfigurations = (
				78B47DC02029BCDF008EC2DF /* Debug */,
				78B47DC12029BCDF008EC2DF /* Release */,
			);
			defaultConfigurationIsVisible = 0;
			defaultConfigurationName = Release;
		};
		78B47DC22029BCDF008EC2DF /* Build configuration list for PBXNativeTarget "AJVisionUITests" */ = {
			isa = XCConfigurationList;
			buildConfigurations = (
				78B47DC32029BCDF008EC2DF /* Debug */,
				78B47DC42029BCDF008EC2DF /* Release */,
			);
			defaultConfigurationIsVisible = 0;
			defaultConfigurationName = Release;
		};
/* End XCConfigurationList section */
	};
	rootObject = 78B47D882029BCDF008EC2DF /* Project object */;
}
